// !$*UTF8*$!
{
	archiveVersion = 1;
	classes = {
	};
	objectVersion = 48;
	objects = {

/* Begin PBXBuildFile section */
		31169885203F930800EEAA36 /* CustomTableViewHeader.swift in Sources */ = {isa = PBXBuildFile; fileRef = 31169884203F930800EEAA36 /* CustomTableViewHeader.swift */; };
		31169887203F931900EEAA36 /* CustomHeader.xib in Resources */ = {isa = PBXBuildFile; fileRef = 31169886203F931900EEAA36 /* CustomHeader.xib */; };
		3124A95B202E89BB00BE047B /* Push_Ups.xib in Resources */ = {isa = PBXBuildFile; fileRef = 3124A95A202E89BB00BE047B /* Push_Ups.xib */; };
		3124A95D202E8B3E00BE047B /* Push_Ups.swift in Sources */ = {isa = PBXBuildFile; fileRef = 3124A95C202E8B3E00BE047B /* Push_Ups.swift */; };
		3124A96120328C6400BE047B /* ProfilePicture.swift in Sources */ = {isa = PBXBuildFile; fileRef = 3124A96020328C6400BE047B /* ProfilePicture.swift */; };
		3124A9672035F61E00BE047B /* DailyStatsViews.swift in Sources */ = {isa = PBXBuildFile; fileRef = 3124A9662035F61E00BE047B /* DailyStatsViews.swift */; };
		3124A9C52038B47700BE047B /* PageViewController.swift in Sources */ = {isa = PBXBuildFile; fileRef = 3124A9C42038B47700BE047B /* PageViewController.swift */; };
		315A384220251E0500F05294 /* AppDelegate.swift in Sources */ = {isa = PBXBuildFile; fileRef = 315A384120251E0500F05294 /* AppDelegate.swift */; };
		315A384420251E0500F05294 /* ViewController.swift in Sources */ = {isa = PBXBuildFile; fileRef = 315A384320251E0500F05294 /* ViewController.swift */; };
		315A384720251E0500F05294 /* Main.storyboard in Resources */ = {isa = PBXBuildFile; fileRef = 315A384520251E0500F05294 /* Main.storyboard */; };
		315A384920251E0500F05294 /* Assets.xcassets in Resources */ = {isa = PBXBuildFile; fileRef = 315A384820251E0500F05294 /* Assets.xcassets */; };
		315A384C20251E0500F05294 /* LaunchScreen.storyboard in Resources */ = {isa = PBXBuildFile; fileRef = 315A384A20251E0500F05294 /* LaunchScreen.storyboard */; };
		315A385720251E0500F05294 /* HavingFunMockupTests.swift in Sources */ = {isa = PBXBuildFile; fileRef = 315A385620251E0500F05294 /* HavingFunMockupTests.swift */; };
		315A38622025214300F05294 /* CollectionViewCell.swift in Sources */ = {isa = PBXBuildFile; fileRef = 315A38612025214300F05294 /* CollectionViewCell.swift */; };
		315A3868202551F300F05294 /* SecondViewController.swift in Sources */ = {isa = PBXBuildFile; fileRef = 315A3867202551F300F05294 /* SecondViewController.swift */; };
		315A387020276C4200F05294 /* TableViewCell.swift in Sources */ = {isa = PBXBuildFile; fileRef = 315A386F20276C4200F05294 /* TableViewCell.swift */; };
		315A387B20293BC600F05294 /* Athlete.swift in Sources */ = {isa = PBXBuildFile; fileRef = 315A387A20293BC600F05294 /* Athlete.swift */; };
		315A387D202A1F9F00F05294 /* LoginViewController.swift in Sources */ = {isa = PBXBuildFile; fileRef = 315A387C202A1F9F00F05294 /* LoginViewController.swift */; };
/* End PBXBuildFile section */

/* Begin PBXContainerItemProxy section */
		315A385320251E0500F05294 /* PBXContainerItemProxy */ = {
			isa = PBXContainerItemProxy;
			containerPortal = 315A383620251E0500F05294 /* Project object */;
			proxyType = 1;
			remoteGlobalIDString = 315A383D20251E0500F05294;
			remoteInfo = HavingFunMockup;
		};
/* End PBXContainerItemProxy section */

/* Begin PBXFileReference section */
		31169884203F930800EEAA36 /* CustomTableViewHeader.swift */ = {isa = PBXFileReference; lastKnownFileType = sourcecode.swift; path = CustomTableViewHeader.swift; sourceTree = "<group>"; };
		31169886203F931900EEAA36 /* CustomHeader.xib */ = {isa = PBXFileReference; lastKnownFileType = file.xib; path = CustomHeader.xib; sourceTree = "<group>"; };
		3124A95A202E89BB00BE047B /* Push_Ups.xib */ = {isa = PBXFileReference; lastKnownFileType = file.xib; path = Push_Ups.xib; sourceTree = "<group>"; };
		3124A95C202E8B3E00BE047B /* Push_Ups.swift */ = {isa = PBXFileReference; lastKnownFileType = sourcecode.swift; path = Push_Ups.swift; sourceTree = "<group>"; };
		3124A96020328C6400BE047B /* ProfilePicture.swift */ = {isa = PBXFileReference; lastKnownFileType = sourcecode.swift; path = ProfilePicture.swift; sourceTree = "<group>"; };
		3124A9662035F61E00BE047B /* DailyStatsViews.swift */ = {isa = PBXFileReference; lastKnownFileType = sourcecode.swift; path = DailyStatsViews.swift; sourceTree = "<group>"; };
		3124A9C42038B47700BE047B /* PageViewController.swift */ = {isa = PBXFileReference; lastKnownFileType = sourcecode.swift; path = PageViewController.swift; sourceTree = "<group>"; };
		315A383E20251E0500F05294 /* HavingFunMockup.app */ = {isa = PBXFileReference; explicitFileType = wrapper.application; includeInIndex = 0; path = HavingFunMockup.app; sourceTree = BUILT_PRODUCTS_DIR; };
		315A384120251E0500F05294 /* AppDelegate.swift */ = {isa = PBXFileReference; lastKnownFileType = sourcecode.swift; path = AppDelegate.swift; sourceTree = "<group>"; };
		315A384320251E0500F05294 /* ViewController.swift */ = {isa = PBXFileReference; lastKnownFileType = sourcecode.swift; path = ViewController.swift; sourceTree = "<group>"; };
		315A384620251E0500F05294 /* Base */ = {isa = PBXFileReference; lastKnownFileType = file.storyboard; name = Base; path = Base.lproj/Main.storyboard; sourceTree = "<group>"; };
		315A384820251E0500F05294 /* Assets.xcassets */ = {isa = PBXFileReference; lastKnownFileType = folder.assetcatalog; path = Assets.xcassets; sourceTree = "<group>"; };
		315A384B20251E0500F05294 /* Base */ = {isa = PBXFileReference; lastKnownFileType = file.storyboard; name = Base; path = Base.lproj/LaunchScreen.storyboard; sourceTree = "<group>"; };
		315A384D20251E0500F05294 /* Info.plist */ = {isa = PBXFileReference; lastKnownFileType = text.plist.xml; path = Info.plist; sourceTree = "<group>"; };
		315A385220251E0500F05294 /* HavingFunMockupTests.xctest */ = {isa = PBXFileReference; explicitFileType = wrapper.cfbundle; includeInIndex = 0; path = HavingFunMockupTests.xctest; sourceTree = BUILT_PRODUCTS_DIR; };
		315A385620251E0500F05294 /* HavingFunMockupTests.swift */ = {isa = PBXFileReference; lastKnownFileType = sourcecode.swift; path = HavingFunMockupTests.swift; sourceTree = "<group>"; };
		315A385820251E0500F05294 /* Info.plist */ = {isa = PBXFileReference; lastKnownFileType = text.plist.xml; path = Info.plist; sourceTree = "<group>"; };
		315A38612025214300F05294 /* CollectionViewCell.swift */ = {isa = PBXFileReference; lastKnownFileType = sourcecode.swift; path = CollectionViewCell.swift; sourceTree = "<group>"; };
		315A3867202551F300F05294 /* SecondViewController.swift */ = {isa = PBXFileReference; lastKnownFileType = sourcecode.swift; path = SecondViewController.swift; sourceTree = "<group>"; };
		315A386F20276C4200F05294 /* TableViewCell.swift */ = {isa = PBXFileReference; lastKnownFileType = sourcecode.swift; path = TableViewCell.swift; sourceTree = "<group>"; };
		315A387A20293BC600F05294 /* Athlete.swift */ = {isa = PBXFileReference; lastKnownFileType = sourcecode.swift; path = Athlete.swift; sourceTree = "<group>"; };
		315A387C202A1F9F00F05294 /* LoginViewController.swift */ = {isa = PBXFileReference; lastKnownFileType = sourcecode.swift; path = LoginViewController.swift; sourceTree = "<group>"; };
/* End PBXFileReference section */

/* Begin PBXFrameworksBuildPhase section */
		315A383B20251E0500F05294 /* Frameworks */ = {
			isa = PBXFrameworksBuildPhase;
			buildActionMask = 2147483647;
			files = (
			);
			runOnlyForDeploymentPostprocessing = 0;
		};
		315A384F20251E0500F05294 /* Frameworks */ = {
			isa = PBXFrameworksBuildPhase;
			buildActionMask = 2147483647;
			files = (
			);
			runOnlyForDeploymentPostprocessing = 0;
		};
/* End PBXFrameworksBuildPhase section */

/* Begin PBXGroup section */
		31169888203F932800EEAA36 /* ViewControllers */ = {
			isa = PBXGroup;
			children = (
				3124A95C202E8B3E00BE047B /* Push_Ups.swift */,
				315A384320251E0500F05294 /* ViewController.swift */,
				315A3867202551F300F05294 /* SecondViewController.swift */,
				315A387C202A1F9F00F05294 /* LoginViewController.swift */,
				3124A9662035F61E00BE047B /* DailyStatsViews.swift */,
				3124A9C42038B47700BE047B /* PageViewController.swift */,
			);
			path = ViewControllers;
			sourceTree = "<group>";
		};
		31169889203F936400EEAA36 /* Custom Classes */ = {
			isa = PBXGroup;
			children = (
				3124A96020328C6400BE047B /* ProfilePicture.swift */,
				315A387A20293BC600F05294 /* Athlete.swift */,
			);
			path = "Custom Classes";
			sourceTree = "<group>";
		};
		3116988A203F939100EEAA36 /* Cells */ = {
			isa = PBXGroup;
			children = (
				315A38612025214300F05294 /* CollectionViewCell.swift */,
				31169884203F930800EEAA36 /* CustomTableViewHeader.swift */,
				315A386F20276C4200F05294 /* TableViewCell.swift */,
			);
			path = Cells;
			sourceTree = "<group>";
		};
		3116988B203F93A900EEAA36 /* Xib Files */ = {
			isa = PBXGroup;
			children = (
				31169886203F931900EEAA36 /* CustomHeader.xib */,
				3124A95A202E89BB00BE047B /* Push_Ups.xib */,
			);
			path = "Xib Files";
			sourceTree = "<group>";
		};
		315A383520251E0500F05294 = {
			isa = PBXGroup;
			children = (
				315A384020251E0500F05294 /* HavingFunMockup */,
				3116988B203F93A900EEAA36 /* Xib Files */,
				3116988A203F939100EEAA36 /* Cells */,
				31169889203F936400EEAA36 /* Custom Classes */,
				31169888203F932800EEAA36 /* ViewControllers */,
				315A385520251E0500F05294 /* HavingFunMockupTests */,
				315A383F20251E0500F05294 /* Products */,
			);
			sourceTree = "<group>";
		};
		315A383F20251E0500F05294 /* Products */ = {
			isa = PBXGroup;
			children = (
				315A383E20251E0500F05294 /* HavingFunMockup.app */,
				315A385220251E0500F05294 /* HavingFunMockupTests.xctest */,
			);
			name = Products;
			sourceTree = "<group>";
		};
		315A384020251E0500F05294 /* HavingFunMockup */ = {
			isa = PBXGroup;
			children = (
				315A384120251E0500F05294 /* AppDelegate.swift */,
				315A384520251E0500F05294 /* Main.storyboard */,
				315A384820251E0500F05294 /* Assets.xcassets */,
				315A384A20251E0500F05294 /* LaunchScreen.storyboard */,
				315A384D20251E0500F05294 /* Info.plist */,
			);
			path = HavingFunMockup;
			sourceTree = "<group>";
		};
		315A385520251E0500F05294 /* HavingFunMockupTests */ = {
			isa = PBXGroup;
			children = (
				315A385620251E0500F05294 /* HavingFunMockupTests.swift */,
				315A385820251E0500F05294 /* Info.plist */,
			);
			path = HavingFunMockupTests;
			sourceTree = "<group>";
		};
/* End PBXGroup section */

/* Begin PBXNativeTarget section */
		315A383D20251E0500F05294 /* HavingFunMockup */ = {
			isa = PBXNativeTarget;
			buildConfigurationList = 315A385B20251E0500F05294 /* Build configuration list for PBXNativeTarget "HavingFunMockup" */;
			buildPhases = (
				315A383A20251E0500F05294 /* Sources */,
				315A383B20251E0500F05294 /* Frameworks */,
				315A383C20251E0500F05294 /* Resources */,
			);
			buildRules = (
			);
			dependencies = (
			);
			name = HavingFunMockup;
			productName = HavingFunMockup;
			productReference = 315A383E20251E0500F05294 /* HavingFunMockup.app */;
			productType = "com.apple.product-type.application";
		};
		315A385120251E0500F05294 /* HavingFunMockupTests */ = {
			isa = PBXNativeTarget;
			buildConfigurationList = 315A385E20251E0500F05294 /* Build configuration list for PBXNativeTarget "HavingFunMockupTests" */;
			buildPhases = (
				315A384E20251E0500F05294 /* Sources */,
				315A384F20251E0500F05294 /* Frameworks */,
				315A385020251E0500F05294 /* Resources */,
			);
			buildRules = (
			);
			dependencies = (
				315A385420251E0500F05294 /* PBXTargetDependency */,
			);
			name = HavingFunMockupTests;
			productName = HavingFunMockupTests;
			productReference = 315A385220251E0500F05294 /* HavingFunMockupTests.xctest */;
			productType = "com.apple.product-type.bundle.unit-test";
		};
/* End PBXNativeTarget section */

/* Begin PBXProject section */
		315A383620251E0500F05294 /* Project object */ = {
			isa = PBXProject;
			attributes = {
				LastSwiftUpdateCheck = 0920;
				LastUpgradeCheck = 0920;
				ORGANIZATIONNAME = "Andrew Daniels";
				TargetAttributes = {
					315A383D20251E0500F05294 = {
						CreatedOnToolsVersion = 9.2;
						ProvisioningStyle = Automatic;
					};
					315A385120251E0500F05294 = {
						CreatedOnToolsVersion = 9.2;
						ProvisioningStyle = Automatic;
						TestTargetID = 315A383D20251E0500F05294;
					};
				};
			};
			buildConfigurationList = 315A383920251E0500F05294 /* Build configuration list for PBXProject "HavingFunMockup" */;
			compatibilityVersion = "Xcode 8.0";
			developmentRegion = en;
			hasScannedForEncodings = 0;
			knownRegions = (
				en,
				Base,
			);
			mainGroup = 315A383520251E0500F05294;
			productRefGroup = 315A383F20251E0500F05294 /* Products */;
			projectDirPath = "";
			projectRoot = "";
			targets = (
				315A383D20251E0500F05294 /* HavingFunMockup */,
				315A385120251E0500F05294 /* HavingFunMockupTests */,
			);
		};
/* End PBXProject section */

/* Begin PBXResourcesBuildPhase section */
		315A383C20251E0500F05294 /* Resources */ = {
			isa = PBXResourcesBuildPhase;
			buildActionMask = 2147483647;
			files = (
				3124A95B202E89BB00BE047B /* Push_Ups.xib in Resources */,
				315A384C20251E0500F05294 /* LaunchScreen.storyboard in Resources */,
				31169887203F931900EEAA36 /* CustomHeader.xib in Resources */,
				315A384920251E0500F05294 /* Assets.xcassets in Resources */,
				315A384720251E0500F05294 /* Main.storyboard in Resources */,
			);
			runOnlyForDeploymentPostprocessing = 0;
		};
		315A385020251E0500F05294 /* Resources */ = {
			isa = PBXResourcesBuildPhase;
			buildActionMask = 2147483647;
			files = (
			);
			runOnlyForDeploymentPostprocessing = 0;
		};
/* End PBXResourcesBuildPhase section */

/* Begin PBXSourcesBuildPhase section */
		315A383A20251E0500F05294 /* Sources */ = {
			isa = PBXSourcesBuildPhase;
			buildActionMask = 2147483647;
			files = (
				315A387D202A1F9F00F05294 /* LoginViewController.swift in Sources */,
				315A384420251E0500F05294 /* ViewController.swift in Sources */,
				3124A9672035F61E00BE047B /* DailyStatsViews.swift in Sources */,
				315A384220251E0500F05294 /* AppDelegate.swift in Sources */,
				315A387020276C4200F05294 /* TableViewCell.swift in Sources */,
				315A3868202551F300F05294 /* SecondViewController.swift in Sources */,
				315A38622025214300F05294 /* CollectionViewCell.swift in Sources */,
				31169885203F930800EEAA36 /* CustomTableViewHeader.swift in Sources */,
				3124A96120328C6400BE047B /* ProfilePicture.swift in Sources */,
				3124A9C52038B47700BE047B /* PageViewController.swift in Sources */,
				3124A95D202E8B3E00BE047B /* Push_Ups.swift in Sources */,
				315A387B20293BC600F05294 /* Athlete.swift in Sources */,
			);
			runOnlyForDeploymentPostprocessing = 0;
		};
		315A384E20251E0500F05294 /* Sources */ = {
			isa = PBXSourcesBuildPhase;
			buildActionMask = 2147483647;
			files = (
				315A385720251E0500F05294 /* HavingFunMockupTests.swift in Sources */,
			);
			runOnlyForDeploymentPostprocessing = 0;
		};
/* End PBXSourcesBuildPhase section */

/* Begin PBXTargetDependency section */
		315A385420251E0500F05294 /* PBXTargetDependency */ = {
			isa = PBXTargetDependency;
			target = 315A383D20251E0500F05294 /* HavingFunMockup */;
			targetProxy = 315A385320251E0500F05294 /* PBXContainerItemProxy */;
		};
/* End PBXTargetDependency section */

/* Begin PBXVariantGroup section */
		315A384520251E0500F05294 /* Main.storyboard */ = {
			isa = PBXVariantGroup;
			children = (
				315A384620251E0500F05294 /* Base */,
			);
			name = Main.storyboard;
			sourceTree = "<group>";
		};
		315A384A20251E0500F05294 /* LaunchScreen.storyboard */ = {
			isa = PBXVariantGroup;
			children = (
				315A384B20251E0500F05294 /* Base */,
			);
			name = LaunchScreen.storyboard;
			sourceTree = "<group>";
		};
/* End PBXVariantGroup section */

/* Begin XCBuildConfiguration section */
		315A385920251E0500F05294 /* Debug */ = {
			isa = XCBuildConfiguration;
			buildSettings = {
				ALWAYS_SEARCH_USER_PATHS = NO;
				CLANG_ANALYZER_NONNULL = YES;
				CLANG_ANALYZER_NUMBER_OBJECT_CONVERSION = YES_AGGRESSIVE;
				CLANG_CXX_LANGUAGE_STANDARD = "gnu++14";
				CLANG_CXX_LIBRARY = "libc++";
				CLANG_ENABLE_MODULES = YES;
				CLANG_ENABLE_OBJC_ARC = YES;
				CLANG_WARN_BLOCK_CAPTURE_AUTORELEASING = YES;
				CLANG_WARN_BOOL_CONVERSION = YES;
				CLANG_WARN_COMMA = YES;
				CLANG_WARN_CONSTANT_CONVERSION = YES;
				CLANG_WARN_DIRECT_OBJC_ISA_USAGE = YES_ERROR;
				CLANG_WARN_DOCUMENTATION_COMMENTS = YES;
				CLANG_WARN_EMPTY_BODY = YES;
				CLANG_WARN_ENUM_CONVERSION = YES;
				CLANG_WARN_INFINITE_RECURSION = YES;
				CLANG_WARN_INT_CONVERSION = YES;
				CLANG_WARN_NON_LITERAL_NULL_CONVERSION = YES;
				CLANG_WARN_OBJC_LITERAL_CONVERSION = YES;
				CLANG_WARN_OBJC_ROOT_CLASS = YES_ERROR;
				CLANG_WARN_RANGE_LOOP_ANALYSIS = YES;
				CLANG_WARN_STRICT_PROTOTYPES = YES;
				CLANG_WARN_SUSPICIOUS_MOVE = YES;
				CLANG_WARN_UNGUARDED_AVAILABILITY = YES_AGGRESSIVE;
				CLANG_WARN_UNREACHABLE_CODE = YES;
				CLANG_WARN__DUPLICATE_METHOD_MATCH = YES;
				CODE_SIGN_IDENTITY = "iPhone Developer";
				COPY_PHASE_STRIP = NO;
				DEBUG_INFORMATION_FORMAT = dwarf;
				ENABLE_STRICT_OBJC_MSGSEND = YES;
				ENABLE_TESTABILITY = YES;
				GCC_C_LANGUAGE_STANDARD = gnu11;
				GCC_DYNAMIC_NO_PIC = NO;
				GCC_NO_COMMON_BLOCKS = YES;
				GCC_OPTIMIZATION_LEVEL = 0;
				GCC_PREPROCESSOR_DEFINITIONS = (
					"DEBUG=1",
					"$(inherited)",
				);
				GCC_WARN_64_TO_32_BIT_CONVERSION = YES;
				GCC_WARN_ABOUT_RETURN_TYPE = YES_ERROR;
				GCC_WARN_UNDECLARED_SELECTOR = YES;
				GCC_WARN_UNINITIALIZED_AUTOS = YES_AGGRESSIVE;
				GCC_WARN_UNUSED_FUNCTION = YES;
				GCC_WARN_UNUSED_VARIABLE = YES;
				IPHONEOS_DEPLOYMENT_TARGET = 11.2;
				MTL_ENABLE_DEBUG_INFO = YES;
				ONLY_ACTIVE_ARCH = YES;
				SDKROOT = iphoneos;
				SWIFT_ACTIVE_COMPILATION_CONDITIONS = DEBUG;
				SWIFT_OPTIMIZATION_LEVEL = "-Onone";
			};
			name = Debug;
		};
		315A385A20251E0500F05294 /* Release */ = {
			isa = XCBuildConfiguration;
			buildSettings = {
				ALWAYS_SEARCH_USER_PATHS = NO;
				CLANG_ANALYZER_NONNULL = YES;
				CLANG_ANALYZER_NUMBER_OBJECT_CONVERSION = YES_AGGRESSIVE;
				CLANG_CXX_LANGUAGE_STANDARD = "gnu++14";
				CLANG_CXX_LIBRARY = "libc++";
				CLANG_ENABLE_MODULES = YES;
				CLANG_ENABLE_OBJC_ARC = YES;
				CLANG_WARN_BLOCK_CAPTURE_AUTORELEASING = YES;
				CLANG_WARN_BOOL_CONVERSION = YES;
				CLANG_WARN_COMMA = YES;
				CLANG_WARN_CONSTANT_CONVERSION = YES;
				CLANG_WARN_DIRECT_OBJC_ISA_USAGE = YES_ERROR;
				CLANG_WARN_DOCUMENTATION_COMMENTS = YES;
				CLANG_WARN_EMPTY_BODY = YES;
				CLANG_WARN_ENUM_CONVERSION = YES;
				CLANG_WARN_INFINITE_RECURSION = YES;
				CLANG_WARN_INT_CONVERSION = YES;
				CLANG_WARN_NON_LITERAL_NULL_CONVERSION = YES;
				CLANG_WARN_OBJC_LITERAL_CONVERSION = YES;
				CLANG_WARN_OBJC_ROOT_CLASS = YES_ERROR;
				CLANG_WARN_RANGE_LOOP_ANALYSIS = YES;
				CLANG_WARN_STRICT_PROTOTYPES = YES;
				CLANG_WARN_SUSPICIOUS_MOVE = YES;
				CLANG_WARN_UNGUARDED_AVAILABILITY = YES_AGGRESSIVE;
				CLANG_WARN_UNREACHABLE_CODE = YES;
				CLANG_WARN__DUPLICATE_METHOD_MATCH = YES;
				CODE_SIGN_IDENTITY = "iPhone Developer";
				COPY_PHASE_STRIP = NO;
				DEBUG_INFORMATION_FORMAT = "dwarf-with-dsym";
				ENABLE_NS_ASSERTIONS = NO;
				ENABLE_STRICT_OBJC_MSGSEND = YES;
				GCC_C_LANGUAGE_STANDARD = gnu11;
				GCC_NO_COMMON_BLOCKS = YES;
				GCC_WARN_64_TO_32_BIT_CONVERSION = YES;
				GCC_WARN_ABOUT_RETURN_TYPE = YES_ERROR;
				GCC_WARN_UNDECLARED_SELECTOR = YES;
				GCC_WARN_UNINITIALIZED_AUTOS = YES_AGGRESSIVE;
				GCC_WARN_UNUSED_FUNCTION = YES;
				GCC_WARN_UNUSED_VARIABLE = YES;
				IPHONEOS_DEPLOYMENT_TARGET = 11.2;
				MTL_ENABLE_DEBUG_INFO = NO;
				SDKROOT = iphoneos;
				SWIFT_OPTIMIZATION_LEVEL = "-Owholemodule";
				VALIDATE_PRODUCT = YES;
			};
			name = Release;
		};
		315A385C20251E0500F05294 /* Debug */ = {
			isa = XCBuildConfiguration;
			buildSettings = {
				ASSETCATALOG_COMPILER_APPICON_NAME = AppIcon;
				CODE_SIGN_STYLE = Automatic;
				DEVELOPMENT_TEAM = 4JQ72KA742;
				INFOPLIST_FILE = HavingFunMockup/Info.plist;
				LD_RUNPATH_SEARCH_PATHS = "$(inherited) @executable_path/Frameworks";
				PRODUCT_BUNDLE_IDENTIFIER = com.example.HavingFunMockup;
				PRODUCT_NAME = "$(TARGET_NAME)";
				SWIFT_VERSION = 4.0;
				TARGETED_DEVICE_FAMILY = "1,2";
			};
			name = Debug;
		};
		315A385D20251E0500F05294 /* Release */ = {
			isa = XCBuildConfiguration;
			buildSettings = {
				ASSETCATALOG_COMPILER_APPICON_NAME = AppIcon;
				CODE_SIGN_STYLE = Automatic;
				DEVELOPMENT_TEAM = 4JQ72KA742;
				INFOPLIST_FILE = HavingFunMockup/Info.plist;
				LD_RUNPATH_SEARCH_PATHS = "$(inherited) @executable_path/Frameworks";
				PRODUCT_BUNDLE_IDENTIFIER = com.example.HavingFunMockup;
				PRODUCT_NAME = "$(TARGET_NAME)";
				SWIFT_VERSION = 4.0;
				TARGETED_DEVICE_FAMILY = "1,2";
			};
			name = Release;
		};
		315A385F20251E0500F05294 /* Debug */ = {
			isa = XCBuildConfiguration;
			buildSettings = {
				ALWAYS_EMBED_SWIFT_STANDARD_LIBRARIES = YES;
				BUNDLE_LOADER = "$(TEST_HOST)";
				CODE_SIGN_STYLE = Automatic;
				INFOPLIST_FILE = HavingFunMockupTests/Info.plist;
				LD_RUNPATH_SEARCH_PATHS = "$(inherited) @executable_path/Frameworks @loader_path/Frameworks";
				PRODUCT_BUNDLE_IDENTIFIER = com.example.HavingFunMockupTests;
				PRODUCT_NAME = "$(TARGET_NAME)";
				SWIFT_VERSION = 4.0;
				TARGETED_DEVICE_FAMILY = "1,2";
				TEST_HOST = "$(BUILT_PRODUCTS_DIR)/HavingFunMockup.app/HavingFunMockup";
			};
			name = Debug;
		};
		315A386020251E0500F05294 /* Release */ = {
			isa = XCBuildConfiguration;
			buildSettings = {
				ALWAYS_EMBED_SWIFT_STANDARD_LIBRARIES = YES;
				BUNDLE_LOADER = "$(TEST_HOST)";
				CODE_SIGN_STYLE = Automatic;
				INFOPLIST_FILE = HavingFunMockupTests/Info.plist;
				LD_RUNPATH_SEARCH_PATHS = "$(inherited) @executable_path/Frameworks @loader_path/Frameworks";
				PRODUCT_BUNDLE_IDENTIFIER = com.example.HavingFunMockupTests;
				PRODUCT_NAME = "$(TARGET_NAME)";
				SWIFT_VERSION = 4.0;
				TARGETED_DEVICE_FAMILY = "1,2";
				TEST_HOST = "$(BUILT_PRODUCTS_DIR)/HavingFunMockup.app/HavingFunMockup";
			};
			name = Release;
		};
/* End XCBuildConfiguration section */

/* Begin XCConfigurationList section */
		315A383920251E0500F05294 /* Build configuration list for PBXProject "HavingFunMockup" */ = {
			isa = XCConfigurationList;
			buildConfigurations = (
				315A385920251E0500F05294 /* Debug */,
				315A385A20251E0500F05294 /* Release */,
			);
			defaultConfigurationIsVisible = 0;
			defaultConfigurationName = Release;
		};
		315A385B20251E0500F05294 /* Build configuration list for PBXNativeTarget "HavingFunMockup" */ = {
			isa = XCConfigurationList;
			buildConfigurations = (
				315A385C20251E0500F05294 /* Debug */,
				315A385D20251E0500F05294 /* Release */,
			);
			defaultConfigurationIsVisible = 0;
			defaultConfigurationName = Release;
		};
		315A385E20251E0500F05294 /* Build configuration list for PBXNativeTarget "HavingFunMockupTests" */ = {
			isa = XCConfigurationList;
			buildConfigurations = (
				315A385F20251E0500F05294 /* Debug */,
				315A386020251E0500F05294 /* Release */,
			);
			defaultConfigurationIsVisible = 0;
			defaultConfigurationName = Release;
		};
/* End XCConfigurationList section */
	};
	rootObject = 315A383620251E0500F05294 /* Project object */;
}
